
Microsoft Visual Studio Solution File, Format Version 12.00
# Visual Studio Version 16
VisualStudioVersion = 16.0.30717.126
MinimumVisualStudioVersion = 10.0.40219.1
Project("{2150E333-8FDC-42A3-9474-1A3956D46DE8}") = "Presentation", "Presentation", "{8322FF9D-97D2-4135-8606-93DEA7FF7587}"
EndProject
Project("{2150E333-8FDC-42A3-9474-1A3956D46DE8}") = "Business", "Business", "{69D46282-6A64-4634-B636-D5526732FDD5}"
EndProject
Project("{2150E333-8FDC-42A3-9474-1A3956D46DE8}") = "DataAccess", "DataAccess", "{11A845CF-D3F4-467C-A96D-A2866B90835E}"
EndProject
Project("{2150E333-8FDC-42A3-9474-1A3956D46DE8}") = "Provider", "Provider", "{F8D8BC4F-811C-40A1-BB34-A1BB00E890AA}"
EndProject
Project("{2150E333-8FDC-42A3-9474-1A3956D46DE8}") = "Utilities", "Utilities", "{6C320E06-7477-4E78-981B-4AF4069EF5B4}"
EndProject
Project("{9A19103F-16F7-4668-BE54-9A1E7A4F7556}") = "UtilitiesCore", "UtilitiesCore\UtilitiesCore.csproj", "{1F0BED71-0BB2-4117-B2AD-91A2A1B099A5}"
EndProject
Project("{9A19103F-16F7-4668-BE54-9A1E7A4F7556}") = "UtilitiesServices", "UtilitiesServices\UtilitiesServices.csproj", "{0893D070-72AB-4359-907F-65DFF77469A6}"
EndProject
Project("{9A19103F-16F7-4668-BE54-9A1E7A4F7556}") = "UtilitiesHelpers", "UtilitiesHelpers\UtilitiesHelpers.csproj", "{D3C7EE82-BE1B-4C20-B469-1E1478447CFA}"
EndProject
Project("{9A19103F-16F7-4668-BE54-9A1E7A4F7556}") = "WorkerService", "WorkerService\WorkerService.csproj", "{9ECD9135-7B55-489B-AE91-B1D68EE6A513}"
EndProject
Project("{9A19103F-16F7-4668-BE54-9A1E7A4F7556}") = "ConsoleApp", "ConsoleApp\ConsoleApp.csproj", "{9E2310E1-ABC7-4BDD-B562-2EE2B2FB69A0}"
EndProject
Project("{2150E333-8FDC-42A3-9474-1A3956D46DE8}") = "DB_Test", "DB_Test", "{79FDDF2B-78A4-4097-A28C-BCE46EE42D7F}"
EndProject
Project("{9A19103F-16F7-4668-BE54-9A1E7A4F7556}") = "DB_TestCore", "DB_TestCore\DB_TestCore.csproj", "{B3C73190-ABB4-4CA1-9E4F-AB894A0CD32B}"
EndProject
Project("{9A19103F-16F7-4668-BE54-9A1E7A4F7556}") = "DB_TestServices", "DB_TestServices\DB_TestServices.csproj", "{0B315B1E-3962-4F11-A84B-258D3CE268A1}"
EndProject
Project("{2150E333-8FDC-42A3-9474-1A3956D46DE8}") = "BusUser", "BusUser", "{66B75046-A58A-4898-8999-3265C059FE8B}"
EndProject
Project("{9A19103F-16F7-4668-BE54-9A1E7A4F7556}") = "BusUserCore", "BusinessACore\BusUserCore.csproj", "{D6C0B999-53FF-4A4B-B13E-BEFEC3421587}"
EndProject
Project("{9A19103F-16F7-4668-BE54-9A1E7A4F7556}") = "BusUserServices", "BusinessAServices\BusUserServices.csproj", "{3A623A03-022A-4017-8D67-458492D9C4BF}"
EndProject
Project("{9A19103F-16F7-4668-BE54-9A1E7A4F7556}") = "ProviderCore", "ServiceProviderCore\ProviderCore.csproj", "{890713B2-1C05-4756-8F35-3018905AC840}"
EndProject
Project("{9A19103F-16F7-4668-BE54-9A1E7A4F7556}") = "ProviderServices", "ServiceProviderServices\ProviderServices.csproj", "{DD1991D3-533A-4D99-BBB4-6907809EC0A9}"
EndProject
Project("{FAE04EC0-301F-11D3-BF4B-00C04F79EFBC}") = "WebAPI", "WebAPI\WebAPI.csproj", "{34311A29-AB03-4B28-B829-4F1E2A4B1015}"
EndProject
Global
	GlobalSection(SolutionConfigurationPlatforms) = preSolution
		Debug|Any CPU = Debug|Any CPU
		Release|Any CPU = Release|Any CPU
	EndGlobalSection
	GlobalSection(ProjectConfigurationPlatforms) = postSolution
		{1F0BED71-0BB2-4117-B2AD-91A2A1B099A5}.Debug|Any CPU.ActiveCfg = Debug|Any CPU
		{1F0BED71-0BB2-4117-B2AD-91A2A1B099A5}.Debug|Any CPU.Build.0 = Debug|Any CPU
		{1F0BED71-0BB2-4117-B2AD-91A2A1B099A5}.Release|Any CPU.ActiveCfg = Release|Any CPU
		{1F0BED71-0BB2-4117-B2AD-91A2A1B099A5}.Release|Any CPU.Build.0 = Release|Any CPU
		{0893D070-72AB-4359-907F-65DFF77469A6}.Debug|Any CPU.ActiveCfg = Debug|Any CPU
		{0893D070-72AB-4359-907F-65DFF77469A6}.Debug|Any CPU.Build.0 = Debug|Any CPU
		{0893D070-72AB-4359-907F-65DFF77469A6}.Release|Any CPU.ActiveCfg = Release|Any CPU
		{0893D070-72AB-4359-907F-65DFF77469A6}.Release|Any CPU.Build.0 = Release|Any CPU
		{D3C7EE82-BE1B-4C20-B469-1E1478447CFA}.Debug|Any CPU.ActiveCfg = Debug|Any CPU
		{D3C7EE82-BE1B-4C20-B469-1E1478447CFA}.Debug|Any CPU.Build.0 = Debug|Any CPU
		{D3C7EE82-BE1B-4C20-B469-1E1478447CFA}.Release|Any CPU.ActiveCfg = Release|Any CPU
		{D3C7EE82-BE1B-4C20-B469-1E1478447CFA}.Release|Any CPU.Build.0 = Release|Any CPU
		{9ECD9135-7B55-489B-AE91-B1D68EE6A513}.Debug|Any CPU.ActiveCfg = Debug|Any CPU
		{9ECD9135-7B55-489B-AE91-B1D68EE6A513}.Debug|Any CPU.Build.0 = Debug|Any CPU
		{9ECD9135-7B55-489B-AE91-B1D68EE6A513}.Release|Any CPU.ActiveCfg = Release|Any CPU
		{9ECD9135-7B55-489B-AE91-B1D68EE6A513}.Release|Any CPU.Build.0 = Release|Any CPU
		{9E2310E1-ABC7-4BDD-B562-2EE2B2FB69A0}.Debug|Any CPU.ActiveCfg = Debug|Any CPU
		{9E2310E1-ABC7-4BDD-B562-2EE2B2FB69A0}.Debug|Any CPU.Build.0 = Debug|Any CPU
		{9E2310E1-ABC7-4BDD-B562-2EE2B2FB69A0}.Release|Any CPU.ActiveCfg = Release|Any CPU
		{9E2310E1-ABC7-4BDD-B562-2EE2B2FB69A0}.Release|Any CPU.Build.0 = Release|Any CPU
		{B3C73190-ABB4-4CA1-9E4F-AB894A0CD32B}.Debug|Any CPU.ActiveCfg = Debug|Any CPU
		{B3C73190-ABB4-4CA1-9E4F-AB894A0CD32B}.Debug|Any CPU.Build.0 = Debug|Any CPU
		{B3C73190-ABB4-4CA1-9E4F-AB894A0CD32B}.Release|Any CPU.ActiveCfg = Release|Any CPU
		{B3C73190-ABB4-4CA1-9E4F-AB894A0CD32B}.Release|Any CPU.Build.0 = Release|Any CPU
		{0B315B1E-3962-4F11-A84B-258D3CE268A1}.Debug|Any CPU.ActiveCfg = Debug|Any CPU
		{0B315B1E-3962-4F11-A84B-258D3CE268A1}.Debug|Any CPU.Build.0 = Debug|Any CPU
		{0B315B1E-3962-4F11-A84B-258D3CE268A1}.Release|Any CPU.ActiveCfg = Release|Any CPU
		{0B315B1E-3962-4F11-A84B-258D3CE268A1}.Release|Any CPU.Build.0 = Release|Any CPU
		{D6C0B999-53FF-4A4B-B13E-BEFEC3421587}.Debug|Any CPU.ActiveCfg = Debug|Any CPU
		{D6C0B999-53FF-4A4B-B13E-BEFEC3421587}.Debug|Any CPU.Build.0 = Debug|Any CPU
		{D6C0B999-53FF-4A4B-B13E-BEFEC3421587}.Release|Any CPU.ActiveCfg = Release|Any CPU
		{D6C0B999-53FF-4A4B-B13E-BEFEC3421587}.Release|Any CPU.Build.0 = Release|Any CPU
		{3A623A03-022A-4017-8D67-458492D9C4BF}.Debug|Any CPU.ActiveCfg = Debug|Any CPU
		{3A623A03-022A-4017-8D67-458492D9C4BF}.Debug|Any CPU.Build.0 = Debug|Any CPU
		{3A623A03-022A-4017-8D67-458492D9C4BF}.Release|Any CPU.ActiveCfg = Release|Any CPU
		{3A623A03-022A-4017-8D67-458492D9C4BF}.Release|Any CPU.Build.0 = Release|Any CPU
		{890713B2-1C05-4756-8F35-3018905AC840}.Debug|Any CPU.ActiveCfg = Debug|Any CPU
		{890713B2-1C05-4756-8F35-3018905AC840}.Debug|Any CPU.Build.0 = Debug|Any CPU
		{890713B2-1C05-4756-8F35-3018905AC840}.Release|Any CPU.ActiveCfg = Release|Any CPU
		{890713B2-1C05-4756-8F35-3018905AC840}.Release|Any CPU.Build.0 = Release|Any CPU
		{DD1991D3-533A-4D99-BBB4-6907809EC0A9}.Debug|Any CPU.ActiveCfg = Debug|Any CPU
		{DD1991D3-533A-4D99-BBB4-6907809EC0A9}.Debug|Any CPU.Build.0 = Debug|Any CPU
		{DD1991D3-533A-4D99-BBB4-6907809EC0A9}.Release|Any CPU.ActiveCfg = Release|Any CPU
		{DD1991D3-533A-4D99-BBB4-6907809EC0A9}.Release|Any CPU.Build.0 = Release|Any CPU
		{34311A29-AB03-4B28-B829-4F1E2A4B1015}.Debug|Any CPU.ActiveCfg = Debug|Any CPU
		{34311A29-AB03-4B28-B829-4F1E2A4B1015}.Debug|Any CPU.Build.0 = Debug|Any CPU
		{34311A29-AB03-4B28-B829-4F1E2A4B1015}.Release|Any CPU.ActiveCfg = Release|Any CPU
		{34311A29-AB03-4B28-B829-4F1E2A4B1015}.Release|Any CPU.Build.0 = Release|Any CPU
	EndGlobalSection
	GlobalSection(SolutionProperties) = preSolution
		HideSolutionNode = FALSE
	EndGlobalSection
	GlobalSection(NestedProjects) = preSolution
		{1F0BED71-0BB2-4117-B2AD-91A2A1B099A5} = {6C320E06-7477-4E78-981B-4AF4069EF5B4}
		{0893D070-72AB-4359-907F-65DFF77469A6} = {6C320E06-7477-4E78-981B-4AF4069EF5B4}
		{D3C7EE82-BE1B-4C20-B469-1E1478447CFA} = {6C320E06-7477-4E78-981B-4AF4069EF5B4}
		{9ECD9135-7B55-489B-AE91-B1D68EE6A513} = {8322FF9D-97D2-4135-8606-93DEA7FF7587}
		{9E2310E1-ABC7-4BDD-B562-2EE2B2FB69A0} = {8322FF9D-97D2-4135-8606-93DEA7FF7587}
		{79FDDF2B-78A4-4097-A28C-BCE46EE42D7F} = {11A845CF-D3F4-467C-A96D-A2866B90835E}
		{B3C73190-ABB4-4CA1-9E4F-AB894A0CD32B} = {79FDDF2B-78A4-4097-A28C-BCE46EE42D7F}
		{0B315B1E-3962-4F11-A84B-258D3CE268A1} = {79FDDF2B-78A4-4097-A28C-BCE46EE42D7F}
		{66B75046-A58A-4898-8999-3265C059FE8B} = {69D46282-6A64-4634-B636-D5526732FDD5}
		{D6C0B999-53FF-4A4B-B13E-BEFEC3421587} = {66B75046-A58A-4898-8999-3265C059FE8B}
		{3A623A03-022A-4017-8D67-458492D9C4BF} = {66B75046-A58A-4898-8999-3265C059FE8B}
		{890713B2-1C05-4756-8F35-3018905AC840} = {F8D8BC4F-811C-40A1-BB34-A1BB00E890AA}
		{DD1991D3-533A-4D99-BBB4-6907809EC0A9} = {F8D8BC4F-811C-40A1-BB34-A1BB00E890AA}
		{34311A29-AB03-4B28-B829-4F1E2A4B1015} = {8322FF9D-97D2-4135-8606-93DEA7FF7587}
	EndGlobalSection
	GlobalSection(ExtensibilityGlobals) = postSolution
		SolutionGuid = {34E78714-BE7D-4342-B200-DDEC53125A59}
	EndGlobalSection
EndGlobal
